// !$*UTF8*$!
{
	archiveVersion = 1;
	classes = {
	};
	objectVersion = 46;
	objects = {

/* Begin PBXBuildFile section */
		D1002EC81D722C8500CD63E1 /* AppDelegate.swift in Sources */ = {isa = PBXBuildFile; fileRef = D1002EC71D722C8500CD63E1 /* AppDelegate.swift */; };
		D1002ECA1D722C8500CD63E1 /* ViewController.swift in Sources */ = {isa = PBXBuildFile; fileRef = D1002EC91D722C8500CD63E1 /* ViewController.swift */; };
		D1002ECD1D722C8500CD63E1 /* Main.storyboard in Resources */ = {isa = PBXBuildFile; fileRef = D1002ECB1D722C8500CD63E1 /* Main.storyboard */; };
		D1002ECF1D722C8500CD63E1 /* Assets.xcassets in Resources */ = {isa = PBXBuildFile; fileRef = D1002ECE1D722C8500CD63E1 /* Assets.xcassets */; };
		D1002ED21D722C8500CD63E1 /* LaunchScreen.storyboard in Resources */ = {isa = PBXBuildFile; fileRef = D1002ED01D722C8500CD63E1 /* LaunchScreen.storyboard */; };
/* End PBXBuildFile section */

/* Begin PBXFileReference section */
		D1002EC41D722C8500CD63E1 /* Instaloader.app */ = {isa = PBXFileReference; explicitFileType = wrapper.application; includeInIndex = 0; path = Instaloader.app; sourceTree = BUILT_PRODUCTS_DIR; };
		D1002EC71D722C8500CD63E1 /* AppDelegate.swift */ = {isa = PBXFileReference; lastKnownFileType = sourcecode.swift; path = AppDelegate.swift; sourceTree = "<group>"; };
		D1002EC91D722C8500CD63E1 /* ViewController.swift */ = {isa = PBXFileReference; lastKnownFileType = sourcecode.swift; path = ViewController.swift; sourceTree = "<group>"; };
		D1002ECC1D722C8500CD63E1 /* Base */ = {isa = PBXFileReference; lastKnownFileType = file.storyboard; name = Base; path = Base.lproj/Main.storyboard; sourceTree = "<group>"; };
		D1002ECE1D722C8500CD63E1 /* Assets.xcassets */ = {isa = PBXFileReference; lastKnownFileType = folder.assetcatalog; path = Assets.xcassets; sourceTree = "<group>"; };
		D1002ED11D722C8500CD63E1 /* Base */ = {isa = PBXFileReference; lastKnownFileType = file.storyboard; name = Base; path = Base.lproj/LaunchScreen.storyboard; sourceTree = "<group>"; };
		D1002ED31D722C8500CD63E1 /* Info.plist */ = {isa = PBXFileReference; lastKnownFileType = text.plist.xml; path = Info.plist; sourceTree = "<group>"; };
/* End PBXFileReference section */

/* Begin PBXFrameworksBuildPhase section */
		D1002EC11D722C8500CD63E1 /* Frameworks */ = {
			isa = PBXFrameworksBuildPhase;
			buildActionMask = 2147483647;
			files = (
			);
			runOnlyForDeploymentPostprocessing = 0;
		};
/* End PBXFrameworksBuildPhase section */

/* Begin PBXGroup section */
		D1002EBB1D722C8500CD63E1 = {
			isa = PBXGroup;
			children = (
				D1002EC61D722C8500CD63E1 /* Instaloader */,
				D1002EC51D722C8500CD63E1 /* Products */,
			);
			sourceTree = "<group>";
		};
		D1002EC51D722C8500CD63E1 /* Products */ = {
			isa = PBXGroup;
			children = (
				D1002EC41D722C8500CD63E1 /* Instaloader.app */,
			);
			name = Products;
			sourceTree = "<group>";
		};
		D1002EC61D722C8500CD63E1 /* Instaloader */ = {
			isa = PBXGroup;
			children = (
				D1002EC71D722C8500CD63E1 /* AppDelegate.swift */,
				D1002EC91D722C8500CD63E1 /* ViewController.swift */,
				D1002ECB1D722C8500CD63E1 /* Main.storyboard */,
				D1002ECE1D722C8500CD63E1 /* Assets.xcassets */,
				D1002ED01D722C8500CD63E1 /* LaunchScreen.storyboard */,
				D1002ED31D722C8500CD63E1 /* Info.plist */,
			);
			path = Instaloader;
			sourceTree = "<group>";
		};
/* End PBXGroup section */

/* Begin PBXNativeTarget section */
		D1002EC31D722C8500CD63E1 /* Instaloader */ = {
			isa = PBXNativeTarget;
			buildConfigurationList = D1002ED61D722C8500CD63E1 /* Build configuration list for PBXNativeTarget "Instaloader" */;
			buildPhases = (
				D1002EC01D722C8500CD63E1 /* Sources */,
				D1002EC11D722C8500CD63E1 /* Frameworks */,
				D1002EC21D722C8500CD63E1 /* Resources */,
			);
			buildRules = (
			);
			dependencies = (
			);
			name = Instaloader;
			productName = Instaloader;
			productReference = D1002EC41D722C8500CD63E1 /* Instaloader.app */;
			productType = "com.apple.product-type.application";
		};
/* End PBXNativeTarget section */

/* Begin PBXProject section */
		D1002EBC1D722C8500CD63E1 /* Project object */ = {
			isa = PBXProject;
			attributes = {
				LastSwiftUpdateCheck = 0730;
				LastUpgradeCheck = 0730;
				ORGANIZATIONNAME = "Andrew Lenehan";
				TargetAttributes = {
					D1002EC31D722C8500CD63E1 = {
						CreatedOnToolsVersion = 7.3.1;
					};
				};
			};
			buildConfigurationList = D1002EBF1D722C8500CD63E1 /* Build configuration list for PBXProject "Instaloader" */;
			compatibilityVersion = "Xcode 3.2";
			developmentRegion = English;
			hasScannedForEncodings = 0;
			knownRegions = (
				en,
				Base,
			);
			mainGroup = D1002EBB1D722C8500CD63E1;
			productRefGroup = D1002EC51D722C8500CD63E1 /* Products */;
			projectDirPath = "";
			projectRoot = "";
			targets = (
				D1002EC31D722C8500CD63E1 /* Instaloader */,
			);
		};
/* End PBXProject section */

/* Begin PBXResourcesBuildPhase section */
		D1002EC21D722C8500CD63E1 /* Resources */ = {
			isa = PBXResourcesBuildPhase;
			buildActionMask = 2147483647;
			files = (
				D1002ED21D722C8500CD63E1 /* LaunchScreen.storyboard in Resources */,
				D1002ECF1D722C8500CD63E1 /* Assets.xcassets in Resources */,
				D1002ECD1D722C8500CD63E1 /* Main.storyboard in Resources */,
			);
			runOnlyForDeploymentPostprocessing = 0;
		};
/* End PBXResourcesBuildPhase section */

/* Begin PBXSourcesBuildPhase section */
		D1002EC01D722C8500CD63E1 /* Sources */ = {
			isa = PBXSourcesBuildPhase;
			buildActionMask = 2147483647;
			files = (
				D1002ECA1D722C8500CD63E1 /* ViewController.swift in Sources */,
				D1002EC81D722C8500CD63E1 /* AppDelegate.swift in Sources */,
			);
			runOnlyForDeploymentPostprocessing = 0;
		};
/* End PBXSourcesBuildPhase section */

/* Begin PBXVariantGroup section */
		D1002ECB1D722C8500CD63E1 /* Main.storyboard */ = {
			isa = PBXVariantGroup;
			children = (
				D1002ECC1D722C8500CD63E1 /* Base */,
			);
			name = Main.storyboard;
			sourceTree = "<group>";
		};
		D1002ED01D722C8500CD63E1 /* LaunchScreen.storyboard */ = {
			isa = PBXVariantGroup;
			children = (
				D1002ED11D722C8500CD63E1 /* Base */,
			);
			name = LaunchScreen.storyboard;
			sourceTree = "<group>";
		};
/* End PBXVariantGroup section */

/* Begin XCBuildConfiguration section */
		D1002ED41D722C8500CD63E1 /* Debug */ = {
			isa = XCBuildConfiguration;
			buildSettings = {
				ALWAYS_SEARCH_USER_PATHS = NO;
				CLANG_ANALYZER_NONNULL = YES;
				CLANG_CXX_LANGUAGE_STANDARD = "gnu++0x";
				CLANG_CXX_LIBRARY = "libc++";
				CLANG_ENABLE_MODULES = YES;
				CLANG_ENABLE_OBJC_ARC = YES;
				CLANG_WARN_BOOL_CONVERSION = YES;
				CLANG_WARN_CONSTANT_CONVERSION = YES;
				CLANG_WARN_DIRECT_OBJC_ISA_USAGE = YES_ERROR;
				CLANG_WARN_EMPTY_BODY = YES;
				CLANG_WARN_ENUM_CONVERSION = YES;
				CLANG_WARN_INT_CONVERSION = YES;
				CLANG_WARN_OBJC_ROOT_CLASS = YES_ERROR;
				CLANG_WARN_UNREACHABLE_CODE = YES;
				CLANG_WARN__DUPLICATE_METHOD_MATCH = YES;
				"CODE_SIGN_IDENTITY[sdk=iphoneos*]" = "iPhone Developer";
				COPY_PHASE_STRIP = NO;
				DEBUG_INFORMATION_FORMAT = dwarf;
				ENABLE_STRICT_OBJC_MSGSEND = YES;
				ENABLE_TESTABILITY = YES;
				GCC_C_LANGUAGE_STANDARD = gnu99;
				GCC_DYNAMIC_NO_PIC = NO;
				GCC_NO_COMMON_BLOCKS = YES;
				GCC_OPTIMIZATION_LEVEL = 0;
				GCC_PREPROCESSOR_DEFINITIONS = (
					"DEBUG=1",
					"$(inherited)",
				);
				GCC_WARN_64_TO_32_BIT_CONVERSION = YES;
				GCC_WARN_ABOUT_RETURN_TYPE = YES_ERROR;
				GCC_WARN_UNDECLARED_SELECTOR = YES;
				GCC_WARN_UNINITIALIZED_AUTOS = YES_AGGRESSIVE;
				GCC_WARN_UNUSED_FUNCTION = YES;
				GCC_WARN_UNUSED_VARIABLE = YES;
				IPHONEOS_DEPLOYMENT_TARGET = 9.3;
				MTL_ENABLE_DEBUG_INFO = YES;
				ONLY_ACTIVE_ARCH = YES;
				SDKROOT = iphoneos;
				SWIFT_OPTIMIZATION_LEVEL = "-Onone";
				TARGETED_DEVICE_FAMILY = "1,2";
			};
			name = Debug;
		};
		D1002ED51D722C8500CD63E1 /* Release */ = {
			isa = XCBuildConfiguration;
			buildSettings = {
				ALWAYS_SEARCH_USER_PATHS = NO;
				CLANG_ANALYZER_NONNULL = YES;
				CLANG_CXX_LANGUAGE_STANDARD = "gnu++0x";
				CLANG_CXX_LIBRARY = "libc++";
				CLANG_ENABLE_MODULES = YES;
				CLANG_ENABLE_OBJC_ARC = YES;
				CLANG_WARN_BOOL_CONVERSION = YES;
				CLANG_WARN_CONSTANT_CONVERSION = YES;
				CLANG_WARN_DIRECT_OBJC_ISA_USAGE = YES_ERROR;
				CLANG_WARN_EMPTY_BODY = YES;
				CLANG_WARN_ENUM_CONVERSION = YES;
				CLANG_WARN_INT_CONVERSION = YES;
				CLANG_WARN_OBJC_ROOT_CLASS = YES_ERROR;
				CLANG_WARN_UNREACHABLE_CODE = YES;
				CLANG_WARN__DUPLICATE_METHOD_MATCH = YES;
				"CODE_SIGN_IDENTITY[sdk=iphoneos*]" = "iPhone Developer";
				COPY_PHASE_STRIP = NO;
				DEBUG_INFORMATION_FORMAT = "dwarf-with-dsym";
				ENABLE_NS_ASSERTIONS = NO;
				ENABLE_STRICT_OBJC_MSGSEND = YES;
				GCC_C_LANGUAGE_STANDARD = gnu99;
				GCC_NO_COMMON_BLOCKS = YES;
				GCC_WARN_64_TO_32_BIT_CONVERSION = YES;
				GCC_WARN_ABOUT_RETURN_TYPE = YES_ERROR;
				GCC_WARN_UNDECLARED_SELECTOR = YES;
				GCC_WARN_UNINITIALIZED_AUTOS = YES_AGGRESSIVE;
				GCC_WARN_UNUSED_FUNCTION = YES;
				GCC_WARN_UNUSED_VARIABLE = YES;
				IPHONEOS_DEPLOYMENT_TARGET = 9.3;
				MTL_ENABLE_DEBUG_INFO = NO;
				SDKROOT = iphoneos;
				TARGETED_DEVICE_FAMILY = "1,2";
				VALIDATE_PRODUCT = YES;
			};
			name = Release;
		};
		D1002ED71D722C8500CD63E1 /* Debug */ = {
			isa = XCBuildConfiguration;
			buildSettings = {
				ASSETCATALOG_COMPILER_APPICON_NAME = AppIcon;
				INFOPLIST_FILE = Instaloader/Info.plist;
				LD_RUNPATH_SEARCH_PATHS = "$(inherited) @executable_path/Frameworks";
				PRODUCT_BUNDLE_IDENTIFIER = com.lenehan.Instaloader;
				PRODUCT_NAME = "$(TARGET_NAME)";
			};
			name = Debug;
		};
		D1002ED81D722C8500CD63E1 /* Release */ = {
			isa = XCBuildConfiguration;
			buildSettings = {
				ASSETCATALOG_COMPILER_APPICON_NAME = AppIcon;
				INFOPLIST_FILE = Instaloader/Info.plist;
				LD_RUNPATH_SEARCH_PATHS = "$(inherited) @executable_path/Frameworks";
				PRODUCT_BUNDLE_IDENTIFIER = com.lenehan.Instaloader;
				PRODUCT_NAME = "$(TARGET_NAME)";
			};
			name = Release;
		};
/* End XCBuildConfiguration section */

/* Begin XCConfigurationList section */
		D1002EBF1D722C8500CD63E1 /* Build configuration list for PBXProject "Instaloader" */ = {
			isa = XCConfigurationList;
			buildConfigurations = (
				D1002ED41D722C8500CD63E1 /* Debug */,
				D1002ED51D722C8500CD63E1 /* Release */,
			);
			defaultConfigurationIsVisible = 0;
			defaultConfigurationName = Release;
		};
		D1002ED61D722C8500CD63E1 /* Build configuration list for PBXNativeTarget "Instaloader" */ = {
			isa = XCConfigurationList;
			buildConfigurations = (
				D1002ED71D722C8500CD63E1 /* Debug */,
				D1002ED81D722C8500CD63E1 /* Release */,
			);
			defaultConfigurationIsVisible = 0;
		};
/* End XCConfigurationList section */
	};
	rootObject = D1002EBC1D722C8500CD63E1 /* Project object */;
}
